
Microsoft Visual Studio Solution File, Format Version 12.00
# Visual Studio Version 17
VisualStudioVersion = 17.7.34221.43
MinimumVisualStudioVersion = 10.0.40219.1
Project("{8BC9CEB8-8B4A-11D0-8D11-00A0C91BC942}") = "report12", "report12\report12.vcxproj", "{9FE6F9B0-3F2B-44D2-8C4E-914A3C1552DF}"
EndProject
Global
	GlobalSection(SolutionConfigurationPlatforms) = preSolution
		Debug|x64 = Debug|x64
		Debug|x86 = Debug|x86
		Release|x64 = Release|x64
		Release|x86 = Release|x86
	EndGlobalSection
	GlobalSection(ProjectConfigurationPlatforms) = postSolution
		{9FE6F9B0-3F2B-44D2-8C4E-914A3C1552DF}.Debug|x64.ActiveCfg = Debug|x64
		{9FE6F9B0-3F2B-44D2-8C4E-914A3C1552DF}.Debug|x64.Build.0 = Debug|x64
		{9FE6F9B0-3F2B-44D2-8C4E-914A3C1552DF}.Debug|x86.ActiveCfg = Debug|Win32
		{9FE6F9B0-3F2B-44D2-8C4E-914A3C1552DF}.Debug|x86.Build.0 = Debug|Win32
		{9FE6F9B0-3F2B-44D2-8C4E-914A3C1552DF}.Release|x64.ActiveCfg = Release|x64
		{9FE6F9B0-3F2B-44D2-8C4E-914A3C1552DF}.Release|x64.Build.0 = Release|x64
		{9FE6F9B0-3F2B-44D2-8C4E-914A3C1552DF}.Release|x86.ActiveCfg = Release|Win32
		{9FE6F9B0-3F2B-44D2-8C4E-914A3C1552DF}.Release|x86.Build.0 = Release|Win32
	EndGlobalSection
	GlobalSection(SolutionProperties) = preSolution
		HideSolutionNode = FALSE
	EndGlobalSection
	GlobalSection(ExtensibilityGlobals) = postSolution
		SolutionGuid = {84AA0149-E361-4523-B0AC-8B68C58414A2}
	EndGlobalSection
EndGlobal
